
Microsoft Visual Studio Solution File, Format Version 12.00
# Visual Studio Version 17
VisualStudioVersion = 17.0.31912.275
MinimumVisualStudioVersion = 10.0.40219.1
Project("{9A19103F-16F7-4668-BE54-9A1E7A4F7556}") = "BrickEngine.Core", "BrickEngine.Core\BrickEngine.Core.csproj", "{AB650923-AB60-4FBE-9717-EC8BFC223959}"
EndProject
Project("{9A19103F-16F7-4668-BE54-9A1E7A4F7556}") = "BrickEngine.Assets", "BrickEngine.Assets\BrickEngine.Assets.csproj", "{E5650848-1E1F-440B-9436-D4A077D32399}"
EndProject
Project("{9A19103F-16F7-4668-BE54-9A1E7A4F7556}") = "BrickEngine.Importers", "BrickEngine.Importers\BrickEngine.Importers.csproj", "{5C29F0F3-FC7D-4444-8B37-E1B400920AC5}"
EndProject
Project("{9A19103F-16F7-4668-BE54-9A1E7A4F7556}") = "BinSerialize", "BinSerialize\BinSerialize.csproj", "{1061F9AC-4046-4F63-9DF7-5E07D9874865}"
EndProject
Project("{9A19103F-16F7-4668-BE54-9A1E7A4F7556}") = "BrickEngine.Editor", "BrickEngine.Editor\BrickEngine.Editor.csproj", "{BC0EFE7E-CDCE-4782-9746-FD17195182E5}"
EndProject
Project("{9A19103F-16F7-4668-BE54-9A1E7A4F7556}") = "BrickEngine.Assets.Tests", "BrickEngine.Assets.Tests\BrickEngine.Assets.Tests.csproj", "{09EA436E-13D8-4B58-8CFA-942799DE292D}"
EndProject
Project("{2150E333-8FDC-42A3-9474-1A3956D46DE8}") = "Veldrid", "Veldrid", "{ACC88621-C794-4DC6-AE3D-7B40D65BFA9F}"
EndProject
Project("{9A19103F-16F7-4668-BE54-9A1E7A4F7556}") = "Veldrid", "veldrid\src\Veldrid\Veldrid.csproj", "{73D78DEC-6C8C-4FA3-B540-B42C7294CAE5}"
EndProject
Project("{9A19103F-16F7-4668-BE54-9A1E7A4F7556}") = "Veldrid.MetalBindings", "veldrid\src\Veldrid.MetalBindings\Veldrid.MetalBindings.csproj", "{FACD0FC7-AEEA-40A2-BCD8-416113D285CA}"
EndProject
Project("{9A19103F-16F7-4668-BE54-9A1E7A4F7556}") = "Veldrid.OpenGLBindings", "veldrid\src\Veldrid.OpenGLBindings\Veldrid.OpenGLBindings.csproj", "{0CB59A6F-607D-4F43-81E2-CA5DE64DA453}"
EndProject
Project("{9A19103F-16F7-4668-BE54-9A1E7A4F7556}") = "Veldrid.StartupUtilities", "veldrid\src\Veldrid.StartupUtilities\Veldrid.StartupUtilities.csproj", "{AA27B4E3-732F-48FC-89F5-123582AC5651}"
EndProject
Project("{9A19103F-16F7-4668-BE54-9A1E7A4F7556}") = "Veldrid.SDL2", "veldrid\src\Veldrid.SDL2\Veldrid.SDL2.csproj", "{C52FEFE7-58A4-416F-84DD-B62580FE41F3}"
EndProject
Project("{2150E333-8FDC-42A3-9474-1A3956D46DE8}") = "EntityForge", "EntityForge", "{D64F3F83-13CB-42DC-AEC6-39BE05A8A025}"
EndProject
Project("{9A19103F-16F7-4668-BE54-9A1E7A4F7556}") = "Veldrid.Utilities", "veldrid\src\Veldrid.Utilities\Veldrid.Utilities.csproj", "{5C36FA10-7927-4947-A55A-A598AFF17AE5}"
EndProject
Project("{9A19103F-16F7-4668-BE54-9A1E7A4F7556}") = "Veldrid.RenderDoc", "veldrid\src\Veldrid.RenderDoc\Veldrid.RenderDoc.csproj", "{D1D19845-BA9E-4CCB-B435-ACD6BEF26E34}"
EndProject
Project("{9A19103F-16F7-4668-BE54-9A1E7A4F7556}") = "EntityForge", "Archie\EntityForge\EntityForge.csproj", "{0286ECC8-F58C-4D65-9F7D-769B31F2BDDE}"
EndProject
Global
	GlobalSection(SolutionConfigurationPlatforms) = preSolution
		Debug|Any CPU = Debug|Any CPU
		Debug|x64 = Debug|x64
		Release|Any CPU = Release|Any CPU
		Release|x64 = Release|x64
	EndGlobalSection
	GlobalSection(ProjectConfigurationPlatforms) = postSolution
		{AB650923-AB60-4FBE-9717-EC8BFC223959}.Debug|Any CPU.ActiveCfg = Debug|Any CPU
		{AB650923-AB60-4FBE-9717-EC8BFC223959}.Debug|Any CPU.Build.0 = Debug|Any CPU
		{AB650923-AB60-4FBE-9717-EC8BFC223959}.Debug|x64.ActiveCfg = Debug|Any CPU
		{AB650923-AB60-4FBE-9717-EC8BFC223959}.Debug|x64.Build.0 = Debug|Any CPU
		{AB650923-AB60-4FBE-9717-EC8BFC223959}.Release|Any CPU.ActiveCfg = Release|Any CPU
		{AB650923-AB60-4FBE-9717-EC8BFC223959}.Release|Any CPU.Build.0 = Release|Any CPU
		{AB650923-AB60-4FBE-9717-EC8BFC223959}.Release|x64.ActiveCfg = Release|Any CPU
		{AB650923-AB60-4FBE-9717-EC8BFC223959}.Release|x64.Build.0 = Release|Any CPU
		{E5650848-1E1F-440B-9436-D4A077D32399}.Debug|Any CPU.ActiveCfg = Debug|Any CPU
		{E5650848-1E1F-440B-9436-D4A077D32399}.Debug|Any CPU.Build.0 = Debug|Any CPU
		{E5650848-1E1F-440B-9436-D4A077D32399}.Debug|x64.ActiveCfg = Debug|Any CPU
		{E5650848-1E1F-440B-9436-D4A077D32399}.Debug|x64.Build.0 = Debug|Any CPU
		{E5650848-1E1F-440B-9436-D4A077D32399}.Release|Any CPU.ActiveCfg = Release|Any CPU
		{E5650848-1E1F-440B-9436-D4A077D32399}.Release|Any CPU.Build.0 = Release|Any CPU
		{E5650848-1E1F-440B-9436-D4A077D32399}.Release|x64.ActiveCfg = Release|Any CPU
		{E5650848-1E1F-440B-9436-D4A077D32399}.Release|x64.Build.0 = Release|Any CPU
		{5C29F0F3-FC7D-4444-8B37-E1B400920AC5}.Debug|Any CPU.ActiveCfg = Debug|Any CPU
		{5C29F0F3-FC7D-4444-8B37-E1B400920AC5}.Debug|Any CPU.Build.0 = Debug|Any CPU
		{5C29F0F3-FC7D-4444-8B37-E1B400920AC5}.Debug|x64.ActiveCfg = Debug|Any CPU
		{5C29F0F3-FC7D-4444-8B37-E1B400920AC5}.Debug|x64.Build.0 = Debug|Any CPU
		{5C29F0F3-FC7D-4444-8B37-E1B400920AC5}.Release|Any CPU.ActiveCfg = Release|Any CPU
		{5C29F0F3-FC7D-4444-8B37-E1B400920AC5}.Release|Any CPU.Build.0 = Release|Any CPU
		{5C29F0F3-FC7D-4444-8B37-E1B400920AC5}.Release|x64.ActiveCfg = Release|Any CPU
		{5C29F0F3-FC7D-4444-8B37-E1B400920AC5}.Release|x64.Build.0 = Release|Any CPU
		{1061F9AC-4046-4F63-9DF7-5E07D9874865}.Debug|Any CPU.ActiveCfg = Debug|Any CPU
		{1061F9AC-4046-4F63-9DF7-5E07D9874865}.Debug|Any CPU.Build.0 = Debug|Any CPU
		{1061F9AC-4046-4F63-9DF7-5E07D9874865}.Debug|x64.ActiveCfg = Debug|Any CPU
		{1061F9AC-4046-4F63-9DF7-5E07D9874865}.Debug|x64.Build.0 = Debug|Any CPU
		{1061F9AC-4046-4F63-9DF7-5E07D9874865}.Release|Any CPU.ActiveCfg = Release|Any CPU
		{1061F9AC-4046-4F63-9DF7-5E07D9874865}.Release|Any CPU.Build.0 = Release|Any CPU
		{1061F9AC-4046-4F63-9DF7-5E07D9874865}.Release|x64.ActiveCfg = Release|Any CPU
		{1061F9AC-4046-4F63-9DF7-5E07D9874865}.Release|x64.Build.0 = Release|Any CPU
		{BC0EFE7E-CDCE-4782-9746-FD17195182E5}.Debug|Any CPU.ActiveCfg = Debug|Any CPU
		{BC0EFE7E-CDCE-4782-9746-FD17195182E5}.Debug|Any CPU.Build.0 = Debug|Any CPU
		{BC0EFE7E-CDCE-4782-9746-FD17195182E5}.Debug|x64.ActiveCfg = Debug|Any CPU
		{BC0EFE7E-CDCE-4782-9746-FD17195182E5}.Debug|x64.Build.0 = Debug|Any CPU
		{BC0EFE7E-CDCE-4782-9746-FD17195182E5}.Release|Any CPU.ActiveCfg = Release|Any CPU
		{BC0EFE7E-CDCE-4782-9746-FD17195182E5}.Release|Any CPU.Build.0 = Release|Any CPU
		{BC0EFE7E-CDCE-4782-9746-FD17195182E5}.Release|x64.ActiveCfg = Release|Any CPU
		{BC0EFE7E-CDCE-4782-9746-FD17195182E5}.Release|x64.Build.0 = Release|Any CPU
		{09EA436E-13D8-4B58-8CFA-942799DE292D}.Debug|Any CPU.ActiveCfg = Debug|Any CPU
		{09EA436E-13D8-4B58-8CFA-942799DE292D}.Debug|Any CPU.Build.0 = Debug|Any CPU
		{09EA436E-13D8-4B58-8CFA-942799DE292D}.Debug|x64.ActiveCfg = Debug|Any CPU
		{09EA436E-13D8-4B58-8CFA-942799DE292D}.Debug|x64.Build.0 = Debug|Any CPU
		{09EA436E-13D8-4B58-8CFA-942799DE292D}.Release|Any CPU.ActiveCfg = Release|Any CPU
		{09EA436E-13D8-4B58-8CFA-942799DE292D}.Release|Any CPU.Build.0 = Release|Any CPU
		{09EA436E-13D8-4B58-8CFA-942799DE292D}.Release|x64.ActiveCfg = Release|Any CPU
		{09EA436E-13D8-4B58-8CFA-942799DE292D}.Release|x64.Build.0 = Release|Any CPU
		{73D78DEC-6C8C-4FA3-B540-B42C7294CAE5}.Debug|Any CPU.ActiveCfg = Debug|Any CPU
		{73D78DEC-6C8C-4FA3-B540-B42C7294CAE5}.Debug|Any CPU.Build.0 = Debug|Any CPU
		{73D78DEC-6C8C-4FA3-B540-B42C7294CAE5}.Debug|x64.ActiveCfg = Debug|Any CPU
		{73D78DEC-6C8C-4FA3-B540-B42C7294CAE5}.Debug|x64.Build.0 = Debug|Any CPU
		{73D78DEC-6C8C-4FA3-B540-B42C7294CAE5}.Release|Any CPU.ActiveCfg = Release|Any CPU
		{73D78DEC-6C8C-4FA3-B540-B42C7294CAE5}.Release|Any CPU.Build.0 = Release|Any CPU
		{73D78DEC-6C8C-4FA3-B540-B42C7294CAE5}.Release|x64.ActiveCfg = Release|Any CPU
		{73D78DEC-6C8C-4FA3-B540-B42C7294CAE5}.Release|x64.Build.0 = Release|Any CPU
		{FACD0FC7-AEEA-40A2-BCD8-416113D285CA}.Debug|Any CPU.ActiveCfg = Debug|Any CPU
		{FACD0FC7-AEEA-40A2-BCD8-416113D285CA}.Debug|Any CPU.Build.0 = Debug|Any CPU
		{FACD0FC7-AEEA-40A2-BCD8-416113D285CA}.Debug|x64.ActiveCfg = Debug|Any CPU
		{FACD0FC7-AEEA-40A2-BCD8-416113D285CA}.Debug|x64.Build.0 = Debug|Any CPU
		{FACD0FC7-AEEA-40A2-BCD8-416113D285CA}.Release|Any CPU.ActiveCfg = Release|Any CPU
		{FACD0FC7-AEEA-40A2-BCD8-416113D285CA}.Release|Any CPU.Build.0 = Release|Any CPU
		{FACD0FC7-AEEA-40A2-BCD8-416113D285CA}.Release|x64.ActiveCfg = Release|Any CPU
		{FACD0FC7-AEEA-40A2-BCD8-416113D285CA}.Release|x64.Build.0 = Release|Any CPU
		{0CB59A6F-607D-4F43-81E2-CA5DE64DA453}.Debug|Any CPU.ActiveCfg = Debug|Any CPU
		{0CB59A6F-607D-4F43-81E2-CA5DE64DA453}.Debug|Any CPU.Build.0 = Debug|Any CPU
		{0CB59A6F-607D-4F43-81E2-CA5DE64DA453}.Debug|x64.ActiveCfg = Debug|Any CPU
		{0CB59A6F-607D-4F43-81E2-CA5DE64DA453}.Debug|x64.Build.0 = Debug|Any CPU
		{0CB59A6F-607D-4F43-81E2-CA5DE64DA453}.Release|Any CPU.ActiveCfg = Release|Any CPU
		{0CB59A6F-607D-4F43-81E2-CA5DE64DA453}.Release|Any CPU.Build.0 = Release|Any CPU
		{0CB59A6F-607D-4F43-81E2-CA5DE64DA453}.Release|x64.ActiveCfg = Release|Any CPU
		{0CB59A6F-607D-4F43-81E2-CA5DE64DA453}.Release|x64.Build.0 = Release|Any CPU
		{AA27B4E3-732F-48FC-89F5-123582AC5651}.Debug|Any CPU.ActiveCfg = Debug|Any CPU
		{AA27B4E3-732F-48FC-89F5-123582AC5651}.Debug|Any CPU.Build.0 = Debug|Any CPU
		{AA27B4E3-732F-48FC-89F5-123582AC5651}.Debug|x64.ActiveCfg = Debug|Any CPU
		{AA27B4E3-732F-48FC-89F5-123582AC5651}.Debug|x64.Build.0 = Debug|Any CPU
		{AA27B4E3-732F-48FC-89F5-123582AC5651}.Release|Any CPU.ActiveCfg = Release|Any CPU
		{AA27B4E3-732F-48FC-89F5-123582AC5651}.Release|Any CPU.Build.0 = Release|Any CPU
		{AA27B4E3-732F-48FC-89F5-123582AC5651}.Release|x64.ActiveCfg = Release|Any CPU
		{AA27B4E3-732F-48FC-89F5-123582AC5651}.Release|x64.Build.0 = Release|Any CPU
		{C52FEFE7-58A4-416F-84DD-B62580FE41F3}.Debug|Any CPU.ActiveCfg = Debug|Any CPU
		{C52FEFE7-58A4-416F-84DD-B62580FE41F3}.Debug|Any CPU.Build.0 = Debug|Any CPU
		{C52FEFE7-58A4-416F-84DD-B62580FE41F3}.Debug|x64.ActiveCfg = Debug|Any CPU
		{C52FEFE7-58A4-416F-84DD-B62580FE41F3}.Debug|x64.Build.0 = Debug|Any CPU
		{C52FEFE7-58A4-416F-84DD-B62580FE41F3}.Release|Any CPU.ActiveCfg = Release|Any CPU
		{C52FEFE7-58A4-416F-84DD-B62580FE41F3}.Release|Any CPU.Build.0 = Release|Any CPU
		{C52FEFE7-58A4-416F-84DD-B62580FE41F3}.Release|x64.ActiveCfg = Release|Any CPU
		{C52FEFE7-58A4-416F-84DD-B62580FE41F3}.Release|x64.Build.0 = Release|Any CPU
		{5C36FA10-7927-4947-A55A-A598AFF17AE5}.Debug|Any CPU.ActiveCfg = Debug|Any CPU
		{5C36FA10-7927-4947-A55A-A598AFF17AE5}.Debug|Any CPU.Build.0 = Debug|Any CPU
		{5C36FA10-7927-4947-A55A-A598AFF17AE5}.Debug|x64.ActiveCfg = Debug|Any CPU
		{5C36FA10-7927-4947-A55A-A598AFF17AE5}.Debug|x64.Build.0 = Debug|Any CPU
		{5C36FA10-7927-4947-A55A-A598AFF17AE5}.Release|Any CPU.ActiveCfg = Release|Any CPU
		{5C36FA10-7927-4947-A55A-A598AFF17AE5}.Release|Any CPU.Build.0 = Release|Any CPU
		{5C36FA10-7927-4947-A55A-A598AFF17AE5}.Release|x64.ActiveCfg = Release|Any CPU
		{5C36FA10-7927-4947-A55A-A598AFF17AE5}.Release|x64.Build.0 = Release|Any CPU
		{D1D19845-BA9E-4CCB-B435-ACD6BEF26E34}.Debug|Any CPU.ActiveCfg = Debug|Any CPU
		{D1D19845-BA9E-4CCB-B435-ACD6BEF26E34}.Debug|Any CPU.Build.0 = Debug|Any CPU
		{D1D19845-BA9E-4CCB-B435-ACD6BEF26E34}.Debug|x64.ActiveCfg = Debug|Any CPU
		{D1D19845-BA9E-4CCB-B435-ACD6BEF26E34}.Debug|x64.Build.0 = Debug|Any CPU
		{D1D19845-BA9E-4CCB-B435-ACD6BEF26E34}.Release|Any CPU.ActiveCfg = Release|Any CPU
		{D1D19845-BA9E-4CCB-B435-ACD6BEF26E34}.Release|Any CPU.Build.0 = Release|Any CPU
		{D1D19845-BA9E-4CCB-B435-ACD6BEF26E34}.Release|x64.ActiveCfg = Release|Any CPU
		{D1D19845-BA9E-4CCB-B435-ACD6BEF26E34}.Release|x64.Build.0 = Release|Any CPU
		{0286ECC8-F58C-4D65-9F7D-769B31F2BDDE}.Debug|Any CPU.ActiveCfg = Debug|Any CPU
		{0286ECC8-F58C-4D65-9F7D-769B31F2BDDE}.Debug|Any CPU.Build.0 = Debug|Any CPU
		{0286ECC8-F58C-4D65-9F7D-769B31F2BDDE}.Debug|x64.ActiveCfg = Debug|x64
		{0286ECC8-F58C-4D65-9F7D-769B31F2BDDE}.Debug|x64.Build.0 = Debug|x64
		{0286ECC8-F58C-4D65-9F7D-769B31F2BDDE}.Release|Any CPU.ActiveCfg = Release|Any CPU
		{0286ECC8-F58C-4D65-9F7D-769B31F2BDDE}.Release|Any CPU.Build.0 = Release|Any CPU
		{0286ECC8-F58C-4D65-9F7D-769B31F2BDDE}.Release|x64.ActiveCfg = Release|x64
		{0286ECC8-F58C-4D65-9F7D-769B31F2BDDE}.Release|x64.Build.0 = Release|x64
	EndGlobalSection
	GlobalSection(SolutionProperties) = preSolution
		HideSolutionNode = FALSE
	EndGlobalSection
	GlobalSection(NestedProjects) = preSolution
		{73D78DEC-6C8C-4FA3-B540-B42C7294CAE5} = {ACC88621-C794-4DC6-AE3D-7B40D65BFA9F}
		{FACD0FC7-AEEA-40A2-BCD8-416113D285CA} = {ACC88621-C794-4DC6-AE3D-7B40D65BFA9F}
		{0CB59A6F-607D-4F43-81E2-CA5DE64DA453} = {ACC88621-C794-4DC6-AE3D-7B40D65BFA9F}
		{AA27B4E3-732F-48FC-89F5-123582AC5651} = {ACC88621-C794-4DC6-AE3D-7B40D65BFA9F}
		{C52FEFE7-58A4-416F-84DD-B62580FE41F3} = {ACC88621-C794-4DC6-AE3D-7B40D65BFA9F}
		{5C36FA10-7927-4947-A55A-A598AFF17AE5} = {ACC88621-C794-4DC6-AE3D-7B40D65BFA9F}
		{D1D19845-BA9E-4CCB-B435-ACD6BEF26E34} = {ACC88621-C794-4DC6-AE3D-7B40D65BFA9F}
		{0286ECC8-F58C-4D65-9F7D-769B31F2BDDE} = {D64F3F83-13CB-42DC-AEC6-39BE05A8A025}
	EndGlobalSection
	GlobalSection(ExtensibilityGlobals) = postSolution
		SolutionGuid = {DBE49F3A-3131-4472-993B-F5C9F38D7B3C}
	EndGlobalSection
EndGlobal
